
Microsoft Visual Studio Solution File, Format Version 12.00
Project("{FAE04EC0-301F-11D3-BF4B-00C04F79EFBC}") = "Backend.API", "Backend.API\Backend.API.csproj", "{8A4CFA97-5570-42AF-8A36-99039E19B13C}"
EndProject
Global
	GlobalSection(SolutionConfigurationPlatforms) = preSolution
		Debug|Any CPU = Debug|Any CPU
		Release|Any CPU = Release|Any CPU
	EndGlobalSection
	GlobalSection(ProjectConfigurationPlatforms) = postSolution
		{8A4CFA97-5570-42AF-8A36-99039E19B13C}.Debug|Any CPU.ActiveCfg = Debug|Any CPU
		{8A4CFA97-5570-42AF-8A36-99039E19B13C}.Debug|Any CPU.Build.0 = Debug|Any CPU
		{8A4CFA97-5570-42AF-8A36-99039E19B13C}.Release|Any CPU.ActiveCfg = Release|Any CPU
		{8A4CFA97-5570-42AF-8A36-99039E19B13C}.Release|Any CPU.Build.0 = Release|Any CPU
	EndGlobalSection
EndGlobal
